%{
  "bunt": {:hex, :bunt, "0.2.0", "951c6e801e8b1d2cbe58ebbd3e616a869061ddadcc4863d0a2182541acae9a38", [:mix], [], "hexpm", "7af5c7e09fe1d40f76c8e4f9dd2be7cebd83909f31fee7cd0e9eadc567da8353"},
  "connection": {:hex, :connection, "1.0.4", "a1cae72211f0eef17705aaededacac3eb30e6625b04a6117c1b2db6ace7d5976", [:mix], [], "hexpm", "4a0850c9be22a43af9920a71ab17c051f5f7d45c209e40269a1938832510e4d9"},
  "credo": {:hex, :credo, "1.4.0", "92339d4cbadd1e88b5ee43d427b639b68a11071b6f73854e33638e30a0ea11f5", [:mix], [{:bunt, "~> 0.2.0", [hex: :bunt, repo: "hexpm", optional: false]}, {:jason, "~> 1.0", [hex: :jason, repo: "hexpm", optional: false]}], "hexpm", "1fd3b70dce216574ce3c18bdf510b57e7c4c85c2ec9cad4bff854abaf7e58658"},
  "dialyxir": {:hex, :dialyxir, "0.5.1", "b331b091720fd93e878137add264bac4f644e1ddae07a70bf7062c7862c4b952", [:mix], [], "hexpm", "6c32a70ed5d452c6650916555b1f96c79af5fc4bf286997f8b15f213de786f73"},
  "earmark": {:hex, :earmark, "1.4.9", "837e4c1c5302b3135e9955f2bbf52c6c52e950c383983942b68b03909356c0d9", [:mix], [{:earmark_parser, ">= 1.4.9", [hex: :earmark_parser, repo: "hexpm", optional: false]}], "hexpm", "0d72df7d13a3dc8422882bed5263fdec5a773f56f7baeb02379361cb9e5b0d8e"},
  "earmark_parser": {:hex, :earmark_parser, "1.4.9", "819bda2049e6ee1365424e4ced1ba65806eacf0d2867415f19f3f80047f8037b", [:mix], [], "hexpm", "8bf54fddabf2d7e137a0c22660e71b49d5a0a82d1fb05b5af62f2761cd6485c4"},
  "erps": {:hex, :erps, "0.4.1", "ae325a39a861bd62cc0f3776d55da84a86e95a76647847bd7efd8d670741fdd0", [:mix], [{:plug_crypto, "~> 1.1.2", [hex: :plug_crypto, repo: "hexpm", optional: false]}], "hexpm", "8e2fae11d059c0d392c7ff5bd57e1c27e2a3fdab46079d02a37640c256fcba6f"},
  "ex_doc": {:hex, :ex_doc, "0.21.3", "857ec876b35a587c5d9148a2512e952e24c24345552259464b98bfbb883c7b42", [:mix], [{:earmark, "~> 1.4", [hex: :earmark, repo: "hexpm", optional: false]}, {:makeup_elixir, "~> 0.14", [hex: :makeup_elixir, repo: "hexpm", optional: false]}], "hexpm", "0db1ee8d1547ab4877c5b5dffc6604ef9454e189928d5ba8967d4a58a801f161"},
  "jason": {:hex, :jason, "1.2.1", "12b22825e22f468c02eb3e4b9985f3d0cb8dc40b9bd704730efa11abd2708c44", [:mix], [{:decimal, "~> 1.0", [hex: :decimal, repo: "hexpm", optional: true]}], "hexpm", "b659b8571deedf60f79c5a608e15414085fa141344e2716fbd6988a084b5f993"},
  "makeup": {:hex, :makeup, "1.0.3", "e339e2f766d12e7260e6672dd4047405963c5ec99661abdc432e6ec67d29ef95", [:mix], [{:nimble_parsec, "~> 0.5", [hex: :nimble_parsec, repo: "hexpm", optional: false]}], "hexpm", "2e9b4996d11832947731f7608fed7ad2f9443011b3b479ae288011265cdd3dad"},
  "makeup_elixir": {:hex, :makeup_elixir, "0.14.1", "4f0e96847c63c17841d42c08107405a005a2680eb9c7ccadfd757bd31dabccfb", [:mix], [{:makeup, "~> 1.0", [hex: :makeup, repo: "hexpm", optional: false]}], "hexpm", "f2438b1a80eaec9ede832b5c41cd4f373b38fd7aa33e3b22d9db79e640cbde11"},
  "multiverses": {:hex, :multiverses, "0.5.3", "f49eb66bcccb426d3bf293169d79667a4c297ec541f6318091629d0566bc8727", [:mix], [], "hexpm", "d9f4a9d4ebc70cd4a700caa4f093f88814988ff368e22604a7c6d39c003e4239"},
  "multiverses_pubsub": {:hex, :multiverses_pubsub, "0.1.0", "a10a702b4ef68b947e84a1038767f96c85752e55d80a25732b72ed75cbf997f6", [:mix], [{:multiverses, "~> 0.5.0", [hex: :multiverses, repo: "hexpm", optional: false]}, {:phoenix_pubsub, "~> 2.0.0", [hex: :phoenix_pubsub, repo: "hexpm", optional: false]}], "hexpm", "a52ec8be98293941678fd4525e21ee7aca078b60187613255958b0d95be8005d"},
  "net_address": {:hex, :net_address, "0.2.1", "0868ee0c45fad819d0bd50b6c2e3ce12418025482d181cea158a66bf05855bf6", [:mix], [], "hexpm", "6cf4dc62893c961f69823d13f4aa31665f6dd874dc7dfe9a25d3776f084c264b"},
  "nimble_parsec": {:hex, :nimble_parsec, "0.6.0", "32111b3bf39137144abd7ba1cce0914533b2d16ef35e8abc5ec8be6122944263", [:mix], [], "hexpm", "27eac315a94909d4dc68bc07a4a83e06c8379237c5ea528a9acff4ca1c873c52"},
  "phoenix_pubsub": {:hex, :phoenix_pubsub, "2.0.0", "a1ae76717bb168cdeb10ec9d92d1480fec99e3080f011402c0a2d68d47395ffb", [:mix], [], "hexpm", "c52d948c4f261577b9c6fa804be91884b381a7f8f18450c5045975435350f771"},
  "plug_crypto": {:hex, :plug_crypto, "1.1.2", "bdd187572cc26dbd95b87136290425f2b580a116d3fb1f564216918c9730d227", [:mix], [], "hexpm", "6b8b608f895b6ffcfad49c37c7883e8df98ae19c6a28113b02aa1e9c5b22d6b5"},
  "transport": {:hex, :transport, "0.1.0", "c0f84e64aefc0184937b6d378e627f1e72a2efa1aaa53e852e4d1e21e18746a3", [:mix], [], "hexpm", "eacfe71a6c643648875eedf1357a335e605417026b6f4c4d213c263d0ceb3ade"},
  "x509": {:hex, :x509, "0.8.1", "901a72cb715aeb2f21739425cc0cff97ce975b6267811acb1fcee4ff10e7799c", [:mix], [], "hexpm", "30c6d9376c90c74490c80befea53cc0d07f05d48bb4ce9e472573a06b0aae008"},
}
